langcode: en
status: true
dependencies:
  module:
    - social_task_assignment
    - system
  theme:
    - socialblue
_core:
  default_config_hash: AFa6I-bCv7eh2DSKn0ZKlVxFpO0n61IP4XJHmH6ipSI
id: groupaddtaskblock
theme: socialblue
region: complementary_top
weight: -32
provider: null
plugin: group_add_task_block
settings:
  id: group_add_task_block
  label: 'Group add task block'
  provider: social_task_assignment
  label_display: '0'
visibility:
  request_path:
    id: request_path
    pages: '/group/*/tasks'
    negate: false
    context_mapping: {  }
