uuid: aac3c540-bb26-4345-8156-fa18ec7bc0a6
langcode: en
status: true
dependencies:
  module:
    - social_task_assignment
    - system
  theme:
    - socialblue
_core:
  default_config_hash: C7f5RlkqR4OW9g1bZgcz1MxzanfuHLTkxyO1Wl4Kra0
id: groupaddtaskblock
theme: socialblue
region: complementary_top
weight: -28
provider: null
plugin: group_add_task_block
settings:
  id: group_add_task_block
  label: 'Group add task block'
  provider: social_task_assignment
  label_display: '0'
visibility:
  request_path:
    id: request_path
    pages: '/group/*/tasks'
    negate: false
    context_mapping: {  }
